
Microsoft Visual Studio Solution File, Format Version 12.00
# Visual Studio 15
VisualStudioVersion = 15.0.28010.2026
MinimumVisualStudioVersion = 10.0.40219.1
Project("{F184B08F-C81C-45F6-A57F-5ABD9991F28F}") = "QLTVBUS", "QLTVBus\QLTVBUS.vbproj", "{6A671C80-7ED5-430A-879D-6C5FB7EB40CE}"
	ProjectSection(ProjectDependencies) = postProject
		{82060E18-CC81-4F04-ACB4-27F0C4DAFBD8} = {82060E18-CC81-4F04-ACB4-27F0C4DAFBD8}
		{F1E1A736-60A9-428B-A3CF-4296EDD63AF3} = {F1E1A736-60A9-428B-A3CF-4296EDD63AF3}
		{EEE6BB5A-D04C-4671-9D73-D1B3BE6CE0F3} = {EEE6BB5A-D04C-4671-9D73-D1B3BE6CE0F3}
	EndProjectSection
EndProject
Project("{F184B08F-C81C-45F6-A57F-5ABD9991F28F}") = "QLTVDAL", "QLTVDAL\QLTVDAL.vbproj", "{82060E18-CC81-4F04-ACB4-27F0C4DAFBD8}"
	ProjectSection(ProjectDependencies) = postProject
		{F1E1A736-60A9-428B-A3CF-4296EDD63AF3} = {F1E1A736-60A9-428B-A3CF-4296EDD63AF3}
		{EEE6BB5A-D04C-4671-9D73-D1B3BE6CE0F3} = {EEE6BB5A-D04C-4671-9D73-D1B3BE6CE0F3}
	EndProjectSection
EndProject
Project("{F184B08F-C81C-45F6-A57F-5ABD9991F28F}") = "QLTVDTO", "QLTVDTO\QLTVDTO.vbproj", "{EEE6BB5A-D04C-4671-9D73-D1B3BE6CE0F3}"
	ProjectSection(ProjectDependencies) = postProject
		{F1E1A736-60A9-428B-A3CF-4296EDD63AF3} = {F1E1A736-60A9-428B-A3CF-4296EDD63AF3}
	EndProjectSection
EndProject
Project("{F184B08F-C81C-45F6-A57F-5ABD9991F28F}") = "QLTVGUI", "QLTVGUI\QLTVGUI.vbproj", "{60076420-FA34-4712-99D6-CC942103ECEB}"
	ProjectSection(ProjectDependencies) = postProject
		{F1E1A736-60A9-428B-A3CF-4296EDD63AF3} = {F1E1A736-60A9-428B-A3CF-4296EDD63AF3}
		{EEE6BB5A-D04C-4671-9D73-D1B3BE6CE0F3} = {EEE6BB5A-D04C-4671-9D73-D1B3BE6CE0F3}
		{6A671C80-7ED5-430A-879D-6C5FB7EB40CE} = {6A671C80-7ED5-430A-879D-6C5FB7EB40CE}
	EndProjectSection
EndProject
Project("{F184B08F-C81C-45F6-A57F-5ABD9991F28F}") = "Utility", "Utility\Utility.vbproj", "{F1E1A736-60A9-428B-A3CF-4296EDD63AF3}"
EndProject
Project("{840C416C-B8F3-42BC-B0DD-F6BB14C9F8CB}") = "QLTV", "QLTV\QLTV.aiproj", "{3FA572BD-EE82-4C1B-B8A5-516E3D94FD76}"
EndProject
Global
	GlobalSection(SolutionConfigurationPlatforms) = preSolution
		All|Any CPU = All|Any CPU
		Debug|Any CPU = Debug|Any CPU
		Release|Any CPU = Release|Any CPU
	EndGlobalSection
	GlobalSection(ProjectConfigurationPlatforms) = postSolution
		{6A671C80-7ED5-430A-879D-6C5FB7EB40CE}.All|Any CPU.ActiveCfg = Release|Any CPU
		{6A671C80-7ED5-430A-879D-6C5FB7EB40CE}.All|Any CPU.Build.0 = Release|Any CPU
		{6A671C80-7ED5-430A-879D-6C5FB7EB40CE}.Debug|Any CPU.ActiveCfg = Debug|Any CPU
		{6A671C80-7ED5-430A-879D-6C5FB7EB40CE}.Debug|Any CPU.Build.0 = Debug|Any CPU
		{6A671C80-7ED5-430A-879D-6C5FB7EB40CE}.Release|Any CPU.ActiveCfg = Release|Any CPU
		{6A671C80-7ED5-430A-879D-6C5FB7EB40CE}.Release|Any CPU.Build.0 = Release|Any CPU
		{82060E18-CC81-4F04-ACB4-27F0C4DAFBD8}.All|Any CPU.ActiveCfg = Release|Any CPU
		{82060E18-CC81-4F04-ACB4-27F0C4DAFBD8}.All|Any CPU.Build.0 = Release|Any CPU
		{82060E18-CC81-4F04-ACB4-27F0C4DAFBD8}.Debug|Any CPU.ActiveCfg = Debug|Any CPU
		{82060E18-CC81-4F04-ACB4-27F0C4DAFBD8}.Debug|Any CPU.Build.0 = Debug|Any CPU
		{82060E18-CC81-4F04-ACB4-27F0C4DAFBD8}.Release|Any CPU.ActiveCfg = Release|Any CPU
		{82060E18-CC81-4F04-ACB4-27F0C4DAFBD8}.Release|Any CPU.Build.0 = Release|Any CPU
		{EEE6BB5A-D04C-4671-9D73-D1B3BE6CE0F3}.All|Any CPU.ActiveCfg = Release|Any CPU
		{EEE6BB5A-D04C-4671-9D73-D1B3BE6CE0F3}.All|Any CPU.Build.0 = Release|Any CPU
		{EEE6BB5A-D04C-4671-9D73-D1B3BE6CE0F3}.Debug|Any CPU.ActiveCfg = Debug|Any CPU
		{EEE6BB5A-D04C-4671-9D73-D1B3BE6CE0F3}.Debug|Any CPU.Build.0 = Debug|Any CPU
		{EEE6BB5A-D04C-4671-9D73-D1B3BE6CE0F3}.Release|Any CPU.ActiveCfg = Release|Any CPU
		{EEE6BB5A-D04C-4671-9D73-D1B3BE6CE0F3}.Release|Any CPU.Build.0 = Release|Any CPU
		{60076420-FA34-4712-99D6-CC942103ECEB}.All|Any CPU.ActiveCfg = Release|Any CPU
		{60076420-FA34-4712-99D6-CC942103ECEB}.All|Any CPU.Build.0 = Release|Any CPU
		{60076420-FA34-4712-99D6-CC942103ECEB}.Debug|Any CPU.ActiveCfg = Debug|Any CPU
		{60076420-FA34-4712-99D6-CC942103ECEB}.Debug|Any CPU.Build.0 = Debug|Any CPU
		{60076420-FA34-4712-99D6-CC942103ECEB}.Release|Any CPU.ActiveCfg = Release|Any CPU
		{60076420-FA34-4712-99D6-CC942103ECEB}.Release|Any CPU.Build.0 = Release|Any CPU
		{F1E1A736-60A9-428B-A3CF-4296EDD63AF3}.All|Any CPU.ActiveCfg = Release|Any CPU
		{F1E1A736-60A9-428B-A3CF-4296EDD63AF3}.All|Any CPU.Build.0 = Release|Any CPU
		{F1E1A736-60A9-428B-A3CF-4296EDD63AF3}.Debug|Any CPU.ActiveCfg = Debug|Any CPU
		{F1E1A736-60A9-428B-A3CF-4296EDD63AF3}.Debug|Any CPU.Build.0 = Debug|Any CPU
		{F1E1A736-60A9-428B-A3CF-4296EDD63AF3}.Release|Any CPU.ActiveCfg = Release|Any CPU
		{F1E1A736-60A9-428B-A3CF-4296EDD63AF3}.Release|Any CPU.Build.0 = Release|Any CPU
		{3FA572BD-EE82-4C1B-B8A5-516E3D94FD76}.All|Any CPU.ActiveCfg = DefaultBuild
		{3FA572BD-EE82-4C1B-B8A5-516E3D94FD76}.All|Any CPU.Build.0 = DefaultBuild
		{3FA572BD-EE82-4C1B-B8A5-516E3D94FD76}.Debug|Any CPU.ActiveCfg = DefaultBuild
		{3FA572BD-EE82-4C1B-B8A5-516E3D94FD76}.Debug|Any CPU.Build.0 = DefaultBuild
		{3FA572BD-EE82-4C1B-B8A5-516E3D94FD76}.Release|Any CPU.ActiveCfg = DefaultBuild
		{3FA572BD-EE82-4C1B-B8A5-516E3D94FD76}.Release|Any CPU.Build.0 = DefaultBuild
	EndGlobalSection
	GlobalSection(SolutionProperties) = preSolution
		HideSolutionNode = FALSE
	EndGlobalSection
	GlobalSection(ExtensibilityGlobals) = postSolution
		SolutionGuid = {FC14A7D6-2EC0-4927-BD9D-C78AC2C85151}
	EndGlobalSection
EndGlobal
